{
  "name": "cigionline",
  "version": "0.0.0",
  "lockfileVersion": 1,
  "requires": true,
  "dependencies": {
    "@fortawesome/fontawesome-pro": {
      "version": "5.13.1",
      "resolved": "https://npm.fontawesome.com/@fortawesome/fontawesome-pro/-/5.13.1/fontawesome-pro-5.13.1.tgz",
      "integrity": "sha512-8ENkNq6N4FAaCL8zyi2tt2DuWn/TEFJb9mMU0k1IMRsrIh3eYhe8sQ2F1IDSVSUh9xej36MPzTwEQuBNPkQHdQ=="
    }
  }
}
