{
  "name": "cigionline",
  "version": "0.0.0",
  "lockfileVersion": 1,
  "requires": true,
  "dependencies": {
    "@fortawesome/fontawesome-pro": {
      "version": "5.14.0",
      "resolved": "https://npm.fontawesome.com/@fortawesome/fontawesome-pro/-/5.14.0/fontawesome-pro-5.14.0.tgz",
      "integrity": "sha512-mdxmCa8yHPXaM5WTRskL1iQf6JObI+l7R0Qa0/u9QOpmRUBkv1g/B3q+YQPaQmZOUy/5gZD9iwun5x4IELusWA=="
    },
    "bootstrap": {
      "version": "4.5.2",
      "resolved": "https://registry.npmjs.org/bootstrap/-/bootstrap-4.5.2.tgz",
      "integrity": "sha512-vlGn0bcySYl/iV+BGA544JkkZP5LB3jsmkeKLFQakCOwCM3AOk7VkldBz4jrzSe+Z0Ezn99NVXa1o45cQY4R6A=="
    },
    "bootstrap-scss": {
      "version": "4.5.2",
      "resolved": "https://registry.npmjs.org/bootstrap-scss/-/bootstrap-scss-4.5.2.tgz",
      "integrity": "sha512-+eDYEFEri/byFAOkSCF2ZnAf7Zyml8Q3YSB8kn/Lviqqi2D1XKhfJCizqgcxqXncgRElk1WNnESRa50GQSVZjA=="
    },
    "normalize.css": {
      "version": "8.0.1",
      "resolved": "https://registry.npmjs.org/normalize.css/-/normalize.css-8.0.1.tgz",
      "integrity": "sha512-qizSNPO93t1YUuUhP22btGOo3chcvDFqFaj2TRybP0DMxkHOCTYwp3n34fel4a31ORXy4m1Xq0Gyqpb5m33qIg=="
    }
  }
}
