{
  "name": "cigionline",
  "version": "0.0.0",
  "lockfileVersion": 1,
  "requires": true,
  "dependencies": {
    "@fortawesome/fontawesome-pro": {
      "version": "5.14.0",
      "resolved": "https://npm.fontawesome.com/@fortawesome/fontawesome-pro/-/5.14.0/fontawesome-pro-5.14.0.tgz",
      "integrity": "sha512-mdxmCa8yHPXaM5WTRskL1iQf6JObI+l7R0Qa0/u9QOpmRUBkv1g/B3q+YQPaQmZOUy/5gZD9iwun5x4IELusWA=="
    }
  }
}
